<?xml version="1.0" encoding="utf-8"?>
<Project ToolsVersion="4.0" xmlns="http://schemas.microsoft.com/developer/msbuild/2003">
  <ItemGroup>
    <Filter Include="Kernel">
      <UniqueIdentifier>{2f0bf135-30d4-4a75-ba3b-7a2c29c0c17a}</UniqueIdentifier>
    </Filter>
    <Filter Include="Shared Files">
      <UniqueIdentifier>{f1d8891e-41cb-48ca-82a6-90075b17f83a}</UniqueIdentifier>
    </Filter>
    <Filter Include="Shared Files\Engine">
      <UniqueIdentifier>{bbd74994-6277-4eb1-8948-a6258bf896cc}</UniqueIdentifier>
    </Filter>
    <Filter Include="Shared Files\Editor">
      <UniqueIdentifier>{23061610-f56c-4a9a-a272-5ba3891ee884}</UniqueIdentifier>
    </Filter>
    <Filter Include="Shared Files\Plugins">
      <UniqueIdentifier>{15c612ed-93c4-4260-931b-509450efc2ea}</UniqueIdentifier>
    </Filter>
    <Filter Include="Shader">
      <UniqueIdentifier>{adacb1cd-f84f-41ea-b031-797e2c79c2ad}</UniqueIdentifier>
    </Filter>
  </ItemGroup>
  <ItemGroup>
    <ClCompile Include="Material\stdafx.cpp">
      <Filter>Kernel</Filter>
    </ClCompile>
    <ClCompile Include="..\Shared\GameMtlLib.cpp">
      <Filter>Shared Files\Engine</Filter>
    </ClCompile>
    <ClCompile Include="..\Shared\ELog.cpp">
      <Filter>Shared Files\Editor</Filter>
    </ClCompile>
    <ClCompile Include="..\Shared\BlenderListLoader.cpp">
      <Filter>Shared Files\Plugins</Filter>
    </ClCompile>
    <ClCompile Include="Material\crc16.cpp">
      <Filter>Shader</Filter>
    </ClCompile>
    <ClCompile Include="Material\lambertShader.cpp">
      <Filter>Shader</Filter>
    </ClCompile>
  </ItemGroup>
  <ItemGroup>
    <ClInclude Include="..\Shared\GameMtlLib.h">
      <Filter>Shared Files\Engine</Filter>
    </ClInclude>
    <ClInclude Include="..\Shared\ELog.h">
      <Filter>Shared Files\Editor</Filter>
    </ClInclude>
    <ClInclude Include="..\Shared\BlenderListLoader.h">
      <Filter>Shared Files\Plugins</Filter>
    </ClInclude>
  </ItemGroup>
  <ItemGroup>
    <None Include="Material\AElambertShaderTemplate.mel">
      <Filter>Shader</Filter>
    </None>
    <None Include="Material\AEXRayMtlTemplate.mel">
      <Filter>Shader</Filter>
    </None>
  </ItemGroup>
  <ItemGroup>
    <CustomBuild Include="Material\Stdafx.h">
      <Filter>Kernel</Filter>
    </CustomBuild>
  </ItemGroup>
</Project>