<?xml version="1.0" encoding="utf-8"?>
<Project ToolsVersion="4.0" xmlns="http://schemas.microsoft.com/developer/msbuild/2003">
  <ItemGroup>
    <Filter Include="Kernel">
      <UniqueIdentifier>{c97814db-1faf-4495-b511-dfa22770d4be}</UniqueIdentifier>
    </Filter>
    <Filter Include="Math">
      <UniqueIdentifier>{ec039896-385f-42d6-b382-d014305f9bd4}</UniqueIdentifier>
    </Filter>
    <Filter Include="Math\CPU">
      <UniqueIdentifier>{a3f2e456-407e-4191-89da-d5a346722df2}</UniqueIdentifier>
    </Filter>
    <Filter Include="Math\STLext">
      <UniqueIdentifier>{f13b2c42-dd08-48dc-b9c2-00da9d5d3b27}</UniqueIdentifier>
    </Filter>
    <Filter Include="Math\Extensions">
      <UniqueIdentifier>{a4134098-b198-49be-b4a0-697c5f30d378}</UniqueIdentifier>
    </Filter>
    <Filter Include="FS">
      <UniqueIdentifier>{20b7d4f1-8eee-4cf9-8727-09b1715b44c3}</UniqueIdentifier>
    </Filter>
    <Filter Include="FS\stream_reader">
      <UniqueIdentifier>{8123c676-474c-4fa3-a4fe-69e0e550e77f}</UniqueIdentifier>
    </Filter>
    <Filter Include="FS\file_stream_reader">
      <UniqueIdentifier>{100c68f0-4b3a-4d73-be96-289e96734856}</UniqueIdentifier>
    </Filter>
    <Filter Include="Memory manager">
      <UniqueIdentifier>{477a45d6-9481-421d-a2db-4e16a4d6b4a9}</UniqueIdentifier>
    </Filter>
    <Filter Include="Debug core">
      <UniqueIdentifier>{8b6ba4f9-e892-408d-bc4e-1339ce0f2dc6}</UniqueIdentifier>
    </Filter>
    <Filter Include="Debug core\BugTrap">
      <UniqueIdentifier>{91c17dcf-ec88-4406-8505-3f60584923f3}</UniqueIdentifier>
    </Filter>
    <Filter Include="Debug core\BlackBox">
      <UniqueIdentifier>{c7da2256-244d-469e-be4b-0102fd433575}</UniqueIdentifier>
    </Filter>
    <Filter Include="shared memory/string library">
      <UniqueIdentifier>{c3689322-66b8-426a-b76b-d5bcfc6f1834}</UniqueIdentifier>
    </Filter>
    <Filter Include="intrusive_ptr">
      <UniqueIdentifier>{c2426f81-e133-46ba-a493-3c59af263cdd}</UniqueIdentifier>
    </Filter>
    <Filter Include="memory_monitor">
      <UniqueIdentifier>{41ddbd88-971f-43c8-8a33-67ede96f12a5}</UniqueIdentifier>
    </Filter>
    <Filter Include="Compression">
      <UniqueIdentifier>{af9eb512-5bde-46ee-afdf-ebfc4fe987df}</UniqueIdentifier>
    </Filter>
    <Filter Include="Compression\ppmd">
      <UniqueIdentifier>{8ed533cb-7196-49a8-8228-4f780d7f4402}</UniqueIdentifier>
    </Filter>
    <Filter Include="Compression\ppmd\common">
      <UniqueIdentifier>{aaeffd2f-563d-4a42-a8e3-ba527ff87cb8}</UniqueIdentifier>
    </Filter>
    <Filter Include="Compression\ppmd\core">
      <UniqueIdentifier>{26ba6830-3a27-43c7-9e00-c0582d79a342}</UniqueIdentifier>
    </Filter>
    <Filter Include="Compression\ppmd\core\allocator">
      <UniqueIdentifier>{4f376140-68df-411d-a129-8addcf92204a}</UniqueIdentifier>
    </Filter>
    <Filter Include="Compression\ppmd\stream">
      <UniqueIdentifier>{ddbaad9b-68ec-43bc-9db4-59c46906eb0e}</UniqueIdentifier>
    </Filter>
    <Filter Include="Compression\lzo">
      <UniqueIdentifier>{07eb2012-28d4-4df5-ab1d-e1842d60fbd3}</UniqueIdentifier>
    </Filter>
    <Filter Include="Compression\lz">
      <UniqueIdentifier>{f68c37e8-8796-4ef3-9675-c6ff2ef7c357}</UniqueIdentifier>
    </Filter>
    <Filter Include="Compression\rt">
      <UniqueIdentifier>{310ecc30-ab23-4543-afa8-226785a94149}</UniqueIdentifier>
    </Filter>
    <Filter Include="string_concatenations">
      <UniqueIdentifier>{5f8d4746-ffd3-4486-9f88-0cb1fac72c4e}</UniqueIdentifier>
    </Filter>
  </ItemGroup>
  <ItemGroup>
    <ClCompile Include="FTimer.cpp">
      <Filter>Kernel</Filter>
    </ClCompile>
    <ClCompile Include="stdafx.cpp">
      <Filter>Kernel</Filter>
    </ClCompile>
    <ClCompile Include="xrCore.cpp">
      <Filter>Kernel</Filter>
    </ClCompile>
    <ClCompile Include="_compressed_normal.cpp">
      <Filter>Math</Filter>
    </ClCompile>
    <ClCompile Include="_math.cpp">
      <Filter>Math</Filter>
    </ClCompile>
    <ClCompile Include="_sphere.cpp">
      <Filter>Math</Filter>
    </ClCompile>
    <ClCompile Include="cpuid.cpp">
      <Filter>Math\CPU</Filter>
    </ClCompile>
    <ClCompile Include="_std_extensions.cpp">
      <Filter>Math\Extensions</Filter>
    </ClCompile>
    <ClCompile Include="clsid.cpp">
      <Filter>Math\Extensions</Filter>
    </ClCompile>
    <ClCompile Include="xr_trims.cpp">
      <Filter>Math\Extensions</Filter>
    </ClCompile>
    <ClCompile Include="ELocatorAPI.cpp">
      <Filter>FS</Filter>
    </ClCompile>
    <ClCompile Include="FileSystem.cpp">
      <Filter>FS</Filter>
    </ClCompile>
    <ClCompile Include="FileSystem_borland.cpp">
      <Filter>FS</Filter>
    </ClCompile>
    <ClCompile Include="FS.cpp">
      <Filter>FS</Filter>
    </ClCompile>
    <ClCompile Include="LocatorAPI_defs.cpp">
      <Filter>FS</Filter>
    </ClCompile>
    <ClCompile Include="LocatorAPI_Notifications.cpp">
      <Filter>FS</Filter>
    </ClCompile>
    <ClCompile Include="log.cpp">
      <Filter>FS</Filter>
    </ClCompile>
    <ClCompile Include="Xr_ini.cpp">
      <Filter>FS</Filter>
    </ClCompile>
    <ClCompile Include="stream_reader.cpp">
      <Filter>FS\stream_reader</Filter>
    </ClCompile>
    <ClCompile Include="file_stream_reader.cpp">
      <Filter>FS\file_stream_reader</Filter>
    </ClCompile>
    <ClCompile Include="memory_allocation_stats.cpp">
      <Filter>Memory manager</Filter>
    </ClCompile>
    <ClCompile Include="memory_usage.cpp">
      <Filter>Memory manager</Filter>
    </ClCompile>
    <ClCompile Include="xrMemory.cpp">
      <Filter>Memory manager</Filter>
    </ClCompile>
    <ClCompile Include="xrMemory_align.cpp">
      <Filter>Memory manager</Filter>
    </ClCompile>
    <ClCompile Include="xrMemory_debug.cpp">
      <Filter>Memory manager</Filter>
    </ClCompile>
    <ClCompile Include="xrMemory_POOL.cpp">
      <Filter>Memory manager</Filter>
    </ClCompile>
    <ClCompile Include="xrMemory_pso_Copy.cpp">
      <Filter>Memory manager</Filter>
    </ClCompile>
    <ClCompile Include="xrMemory_pso_Fill.cpp">
      <Filter>Memory manager</Filter>
    </ClCompile>
    <ClCompile Include="xrMemory_pso_Fill32.cpp">
      <Filter>Memory manager</Filter>
    </ClCompile>
    <ClCompile Include="xrMemory_subst_borland.cpp">
      <Filter>Memory manager</Filter>
    </ClCompile>
    <ClCompile Include="xrMemory_subst_msvc.cpp">
      <Filter>Memory manager</Filter>
    </ClCompile>
    <ClCompile Include="xrDebug.cpp">
      <Filter>Debug core</Filter>
    </ClCompile>
    <ClCompile Include="xrDebugNew.cpp">
      <Filter>Debug core</Filter>
    </ClCompile>
    <ClCompile Include="blackbox\BlackBoxUI.cpp">
      <Filter>Debug core\BlackBox</Filter>
    </ClCompile>
    <ClCompile Include="blackbox\BSUFunctions.cpp">
      <Filter>Debug core\BlackBox</Filter>
    </ClCompile>
    <ClCompile Include="blackbox\CrashHandler.cpp">
      <Filter>Debug core\BlackBox</Filter>
    </ClCompile>
    <ClCompile Include="blackbox\DiagAssert.cpp">
      <Filter>Debug core\BlackBox</Filter>
    </ClCompile>
    <ClCompile Include="blackbox\GetLoadedModules.cpp">
      <Filter>Debug core\BlackBox</Filter>
    </ClCompile>
    <ClCompile Include="blackbox\IsNT.cpp">
      <Filter>Debug core\BlackBox</Filter>
    </ClCompile>
    <ClCompile Include="blackbox\NT4ProcessInfo.cpp">
      <Filter>Debug core\BlackBox</Filter>
    </ClCompile>
    <ClCompile Include="blackbox\stdafx_.cpp">
      <Filter>Debug core\BlackBox</Filter>
    </ClCompile>
    <ClCompile Include="blackbox\TLHELPProcessInfo.cpp">
      <Filter>Debug core\BlackBox</Filter>
    </ClCompile>
    <ClCompile Include="crc32.cpp">
      <Filter>shared memory/string library</Filter>
    </ClCompile>
    <ClCompile Include="xr_shared.cpp">
      <Filter>shared memory/string library</Filter>
    </ClCompile>
    <ClCompile Include="xrsharedmem.cpp">
      <Filter>shared memory/string library</Filter>
    </ClCompile>
    <ClCompile Include="xrstring.cpp">
      <Filter>shared memory/string library</Filter>
    </ClCompile>
    <ClCompile Include="memory_monitor.cpp">
      <Filter>memory_monitor</Filter>
    </ClCompile>
    <ClCompile Include="ppmd_compressor.cpp">
      <Filter>Compression\ppmd</Filter>
    </ClCompile>
    <ClCompile Include="Model.cpp">
      <Filter>Compression\ppmd\core</Filter>
    </ClCompile>
    <ClCompile Include="rt_lzo1x_1.cpp">
      <Filter>Compression\lzo</Filter>
    </ClCompile>
    <ClCompile Include="rt_lzo1x_9x.cpp">
      <Filter>Compression\lzo</Filter>
    </ClCompile>
    <ClCompile Include="rt_lzo1x_d1.cpp">
      <Filter>Compression\lzo</Filter>
    </ClCompile>
    <ClCompile Include="rt_lzo1x_d2.cpp">
      <Filter>Compression\lzo</Filter>
    </ClCompile>
    <ClCompile Include="rt_lzo1x_d3.cpp">
      <Filter>Compression\lzo</Filter>
    </ClCompile>
    <ClCompile Include="rt_lzo_init.cpp">
      <Filter>Compression\lzo</Filter>
    </ClCompile>
    <ClCompile Include="LzHuf.cpp">
      <Filter>Compression\lz</Filter>
    </ClCompile>
    <ClCompile Include="rt_compressor.cpp">
      <Filter>Compression\rt</Filter>
    </ClCompile>
    <ClCompile Include="rt_compressor9.cpp">
      <Filter>Compression\rt</Filter>
    </ClCompile>
    <ClCompile Include="string_concatenations.cpp">
      <Filter>string_concatenations</Filter>
    </ClCompile>
    <ClCompile Include="os_clipboard.cpp" />
    <ClCompile Include="xrSyncronize.cpp" />
  </ItemGroup>
  <ItemGroup>
    <ClInclude Include="FTimer.h">
      <Filter>Kernel</Filter>
    </ClInclude>
    <ClInclude Include="resource.h">
      <Filter>Kernel</Filter>
    </ClInclude>
    <ClInclude Include="stdafx.h">
      <Filter>Kernel</Filter>
    </ClInclude>
    <ClInclude Include="xrCore.h">
      <Filter>Kernel</Filter>
    </ClInclude>
    <ClInclude Include="xrCore_platform.h">
      <Filter>Kernel</Filter>
    </ClInclude>
    <ClInclude Include="_bitwise.h">
      <Filter>Math</Filter>
    </ClInclude>
    <ClInclude Include="_color.h">
      <Filter>Math</Filter>
    </ClInclude>
    <ClInclude Include="_compressed_normal.h">
      <Filter>Math</Filter>
    </ClInclude>
    <ClInclude Include="_cylinder.h">
      <Filter>Math</Filter>
    </ClInclude>
    <ClInclude Include="_fbox.h">
      <Filter>Math</Filter>
    </ClInclude>
    <ClInclude Include="_fbox2.h">
      <Filter>Math</Filter>
    </ClInclude>
    <ClInclude Include="_flags.h">
      <Filter>Math</Filter>
    </ClInclude>
    <ClInclude Include="_math.h">
      <Filter>Math</Filter>
    </ClInclude>
    <ClInclude Include="_matrix.h">
      <Filter>Math</Filter>
    </ClInclude>
    <ClInclude Include="_matrix33.h">
      <Filter>Math</Filter>
    </ClInclude>
    <ClInclude Include="_obb.h">
      <Filter>Math</Filter>
    </ClInclude>
    <ClInclude Include="_plane.h">
      <Filter>Math</Filter>
    </ClInclude>
    <ClInclude Include="_plane2.h">
      <Filter>Math</Filter>
    </ClInclude>
    <ClInclude Include="_quaternion.h">
      <Filter>Math</Filter>
    </ClInclude>
    <ClInclude Include="_random.h">
      <Filter>Math</Filter>
    </ClInclude>
    <ClInclude Include="_rect.h">
      <Filter>Math</Filter>
    </ClInclude>
    <ClInclude Include="_sphere.h">
      <Filter>Math</Filter>
    </ClInclude>
    <ClInclude Include="_types.h">
      <Filter>Math</Filter>
    </ClInclude>
    <ClInclude Include="_vector2.h">
      <Filter>Math</Filter>
    </ClInclude>
    <ClInclude Include="_vector3d.h">
      <Filter>Math</Filter>
    </ClInclude>
    <ClInclude Include="_vector4.h">
      <Filter>Math</Filter>
    </ClInclude>
    <ClInclude Include="vector.h">
      <Filter>Math</Filter>
    </ClInclude>
    <ClInclude Include="cpuid.h">
      <Filter>Math\CPU</Filter>
    </ClInclude>
    <ClInclude Include="FixedMap.h">
      <Filter>Math\STLext</Filter>
    </ClInclude>
    <ClInclude Include="FixedSet.h">
      <Filter>Math\STLext</Filter>
    </ClInclude>
    <ClInclude Include="FixedVector.h">
      <Filter>Math\STLext</Filter>
    </ClInclude>
    <ClInclude Include="xrPool.h">
      <Filter>Math\STLext</Filter>
    </ClInclude>
    <ClInclude Include="_std_extensions.h">
      <Filter>Math\Extensions</Filter>
    </ClInclude>
    <ClInclude Include="_stl_extensions.h">
      <Filter>Math\Extensions</Filter>
    </ClInclude>
    <ClInclude Include="_type_traits.h">
      <Filter>Math\Extensions</Filter>
    </ClInclude>
    <ClInclude Include="clsid.h">
      <Filter>Math\Extensions</Filter>
    </ClInclude>
    <ClInclude Include="fastdelegate.h">
      <Filter>Math\Extensions</Filter>
    </ClInclude>
    <ClInclude Include="xr_trims.h">
      <Filter>Math\Extensions</Filter>
    </ClInclude>
    <ClInclude Include="ELocatorAPI.h">
      <Filter>FS</Filter>
    </ClInclude>
    <ClInclude Include="FS.h">
      <Filter>FS</Filter>
    </ClInclude>
    <ClInclude Include="FS_internal.h">
      <Filter>FS</Filter>
    </ClInclude>
    <ClInclude Include="LocatorAPI_defs.h">
      <Filter>FS</Filter>
    </ClInclude>
    <ClInclude Include="log.h">
      <Filter>FS</Filter>
    </ClInclude>
    <ClInclude Include="xr_ini.h">
      <Filter>FS</Filter>
    </ClInclude>
    <ClInclude Include="stream_reader.h">
      <Filter>FS\stream_reader</Filter>
    </ClInclude>
    <ClInclude Include="stream_reader_inline.h">
      <Filter>FS\stream_reader</Filter>
    </ClInclude>
    <ClInclude Include="file_stream_reader.h">
      <Filter>FS\file_stream_reader</Filter>
    </ClInclude>
    <ClInclude Include="xrMemory.h">
      <Filter>Memory manager</Filter>
    </ClInclude>
    <ClInclude Include="xrMemory_align.h">
      <Filter>Memory manager</Filter>
    </ClInclude>
    <ClInclude Include="xrMEMORY_POOL.h">
      <Filter>Memory manager</Filter>
    </ClInclude>
    <ClInclude Include="xrMemory_pso.h">
      <Filter>Memory manager</Filter>
    </ClInclude>
    <ClInclude Include="xrMemory_pure.h">
      <Filter>Memory manager</Filter>
    </ClInclude>
    <ClInclude Include="xrMemory_subst_borland.h">
      <Filter>Memory manager</Filter>
    </ClInclude>
    <ClInclude Include="xrMemory_subst_msvc.h">
      <Filter>Memory manager</Filter>
    </ClInclude>
    <ClInclude Include="xrDebug.h">
      <Filter>Debug core</Filter>
    </ClInclude>
    <ClInclude Include="xrDebug_macros.h">
      <Filter>Debug core</Filter>
    </ClInclude>
    <ClInclude Include="BTTrace.h">
      <Filter>Debug core\BugTrap</Filter>
    </ClInclude>
    <ClInclude Include="BugTrap.h">
      <Filter>Debug core\BugTrap</Filter>
    </ClInclude>
    <ClInclude Include="blackbox\BugslayerUtil.h">
      <Filter>Debug core\BlackBox</Filter>
    </ClInclude>
    <ClInclude Include="blackbox\CrashHandler.h">
      <Filter>Debug core\BlackBox</Filter>
    </ClInclude>
    <ClInclude Include="blackbox\DiagAssert.h">
      <Filter>Debug core\BlackBox</Filter>
    </ClInclude>
    <ClInclude Include="blackbox\Internal.h">
      <Filter>Debug core\BlackBox</Filter>
    </ClInclude>
    <ClInclude Include="blackbox\stdafx_.h">
      <Filter>Debug core\BlackBox</Filter>
    </ClInclude>
    <ClInclude Include="blackbox\SymbolEngine.h">
      <Filter>Debug core\BlackBox</Filter>
    </ClInclude>
    <ClInclude Include="blackbox\WarningsOff.h">
      <Filter>Debug core\BlackBox</Filter>
    </ClInclude>
    <ClInclude Include="blackbox\WarningsOn.h">
      <Filter>Debug core\BlackBox</Filter>
    </ClInclude>
    <ClInclude Include="xr_resource.h">
      <Filter>shared memory/string library</Filter>
    </ClInclude>
    <ClInclude Include="xr_shared.h">
      <Filter>shared memory/string library</Filter>
    </ClInclude>
    <ClInclude Include="xrsharedmem.h">
      <Filter>shared memory/string library</Filter>
    </ClInclude>
    <ClInclude Include="xrstring.h">
      <Filter>shared memory/string library</Filter>
    </ClInclude>
    <ClInclude Include="intrusive_ptr.h">
      <Filter>intrusive_ptr</Filter>
    </ClInclude>
    <ClInclude Include="intrusive_ptr_inline.h">
      <Filter>intrusive_ptr</Filter>
    </ClInclude>
    <ClInclude Include="memory_monitor.h">
      <Filter>memory_monitor</Filter>
    </ClInclude>
    <ClInclude Include="ppmd_compressor.h">
      <Filter>Compression\ppmd</Filter>
    </ClInclude>
    <ClInclude Include="PPMd.h">
      <Filter>Compression\ppmd\common</Filter>
    </ClInclude>
    <ClInclude Include="PPMdType.h">
      <Filter>Compression\ppmd\common</Filter>
    </ClInclude>
    <ClInclude Include="Coder.hpp">
      <Filter>Compression\ppmd\core</Filter>
    </ClInclude>
    <ClInclude Include="SubAlloc.hpp">
      <Filter>Compression\ppmd\core\allocator</Filter>
    </ClInclude>
    <ClInclude Include="compression_ppmd_stream.h">
      <Filter>Compression\ppmd\stream</Filter>
    </ClInclude>
    <ClInclude Include="compression_ppmd_stream_inline.h">
      <Filter>Compression\ppmd\stream</Filter>
    </ClInclude>
    <ClInclude Include="rt_config1x.h">
      <Filter>Compression\lzo</Filter>
    </ClInclude>
    <ClInclude Include="rt_lzo1x.h">
      <Filter>Compression\lzo</Filter>
    </ClInclude>
    <ClInclude Include="rt_lzo_conf.h">
      <Filter>Compression\lzo</Filter>
    </ClInclude>
    <ClInclude Include="rt_lzo_config.h">
      <Filter>Compression\lzo</Filter>
    </ClInclude>
    <ClInclude Include="rt_lzo_dict.h">
      <Filter>Compression\lzo</Filter>
    </ClInclude>
    <ClInclude Include="rt_lzo_ptr.h">
      <Filter>Compression\lzo</Filter>
    </ClInclude>
    <ClInclude Include="rt_lzoconf.h">
      <Filter>Compression\lzo</Filter>
    </ClInclude>
    <ClInclude Include="rt_lzodefs.h">
      <Filter>Compression\lzo</Filter>
    </ClInclude>
    <ClInclude Include="rt_miniacc.h">
      <Filter>Compression\lzo</Filter>
    </ClInclude>
    <ClInclude Include="lzhuf.h">
      <Filter>Compression\lz</Filter>
    </ClInclude>
    <ClInclude Include="rt_compressor.h">
      <Filter>Compression\rt</Filter>
    </ClInclude>
    <ClInclude Include="string_concatenations.h">
      <Filter>string_concatenations</Filter>
    </ClInclude>
    <ClInclude Include="string_concatenations_inline.h">
      <Filter>string_concatenations</Filter>
    </ClInclude>
    <ClInclude Include="os_clipboard.h" />
    <ClInclude Include="xrSyncronize.h" />
  </ItemGroup>
  <ItemGroup>
    <ResourceCompile Include="xrCore.rc">
      <Filter>Kernel</Filter>
    </ResourceCompile>
  </ItemGroup>
  <ItemGroup>
    <CustomBuild Include="FileSystem.h">
      <Filter>FS</Filter>
    </CustomBuild>
    <CustomBuild Include="LocatorAPI_Notifications.h">
      <Filter>FS</Filter>
    </CustomBuild>
  </ItemGroup>
</Project>