<?xml version="1.0" encoding="utf-8"?>
<Project ToolsVersion="4.0" xmlns="http://schemas.microsoft.com/developer/msbuild/2003">
  <ItemGroup>
    <Filter Include="Kernel">
      <UniqueIdentifier>{20cefb26-f2a2-48f0-ba0a-a70cc7a2532b}</UniqueIdentifier>
    </Filter>
    <Filter Include="Math">
      <UniqueIdentifier>{8e030ab3-3ade-43b3-8eb8-6de159cd5b1d}</UniqueIdentifier>
    </Filter>
    <Filter Include="Math\CPU">
      <UniqueIdentifier>{f6dc8846-265b-4dc0-8b5d-edc0044713d1}</UniqueIdentifier>
    </Filter>
    <Filter Include="Math\STLext">
      <UniqueIdentifier>{42266c6e-9331-465d-b714-7d2ba4138b2f}</UniqueIdentifier>
    </Filter>
    <Filter Include="Math\Extensions">
      <UniqueIdentifier>{e24a68d5-b062-4d49-bcc2-76a994fdc07b}</UniqueIdentifier>
    </Filter>
    <Filter Include="Math\Extensions\buffer_vector">
      <UniqueIdentifier>{b440e7eb-1c15-4286-8bc5-6f814798e2ca}</UniqueIdentifier>
    </Filter>
    <Filter Include="FS">
      <UniqueIdentifier>{1314c688-d8b5-4a4d-8e9d-07dcc66ce02d}</UniqueIdentifier>
    </Filter>
    <Filter Include="FS\stream_reader">
      <UniqueIdentifier>{d399e490-f172-46c8-9ff0-e7a0ec2ba0c8}</UniqueIdentifier>
    </Filter>
    <Filter Include="FS\file_stream_reader">
      <UniqueIdentifier>{97b52bb6-815f-49f1-a782-f5a6693985f9}</UniqueIdentifier>
    </Filter>
    <Filter Include="Memory manager">
      <UniqueIdentifier>{84656e0b-1386-4fe5-843a-6d75e210c60d}</UniqueIdentifier>
    </Filter>
    <Filter Include="Memory manager\dlmalloc">
      <UniqueIdentifier>{36aa722f-9c01-47b5-b33a-65a12eef8b4f}</UniqueIdentifier>
    </Filter>
    <Filter Include="Memory manager\dlmalloc\allocator">
      <UniqueIdentifier>{e75bf53e-f976-4a1e-ab42-08aaa57bf053}</UniqueIdentifier>
    </Filter>
    <Filter Include="Memory manager\dlmalloc\wrapper">
      <UniqueIdentifier>{1d0e1e22-8ee0-4c33-be25-379c3e4633af}</UniqueIdentifier>
    </Filter>
    <Filter Include="Debug core">
      <UniqueIdentifier>{9cd0ca62-0a11-42b1-a89d-731b27cb2b57}</UniqueIdentifier>
    </Filter>
    <Filter Include="Debug core\BlackBox">
      <UniqueIdentifier>{897edcb4-4b7f-4100-8aa0-a3f150328969}</UniqueIdentifier>
    </Filter>
    <Filter Include="shared memory/string library">
      <UniqueIdentifier>{9e534405-dda8-4602-b350-ef5d1b5d0232}</UniqueIdentifier>
    </Filter>
    <Filter Include="intrusive_ptr">
      <UniqueIdentifier>{f0d6c6ea-a2df-4faa-9753-5c3b4aba6161}</UniqueIdentifier>
    </Filter>
    <Filter Include="memory_monitor">
      <UniqueIdentifier>{dbbac35b-5392-4fee-9977-18b2da663bf1}</UniqueIdentifier>
    </Filter>
    <Filter Include="Compression">
      <UniqueIdentifier>{aab76ecc-fcb0-4d70-978f-1de0d92fe70e}</UniqueIdentifier>
    </Filter>
    <Filter Include="Compression\ppmd">
      <UniqueIdentifier>{224fdb8e-a318-4c68-9ec7-f8dffd014259}</UniqueIdentifier>
    </Filter>
    <Filter Include="Compression\ppmd\common">
      <UniqueIdentifier>{9aac29b5-a6e2-4f96-8de8-4426fccc77f4}</UniqueIdentifier>
    </Filter>
    <Filter Include="Compression\ppmd\core">
      <UniqueIdentifier>{c43efb7a-aefa-4a85-95d3-7e032dd3cc2c}</UniqueIdentifier>
    </Filter>
    <Filter Include="Compression\ppmd\core\allocator">
      <UniqueIdentifier>{2ee93350-12a3-4844-9784-db20cbf50d29}</UniqueIdentifier>
    </Filter>
    <Filter Include="Compression\ppmd\stream">
      <UniqueIdentifier>{519fab9f-e1f0-4990-977e-60c2ad45f4af}</UniqueIdentifier>
    </Filter>
    <Filter Include="Compression\rt">
      <UniqueIdentifier>{901c3a66-c18a-4055-87e4-33361a4b17ef}</UniqueIdentifier>
    </Filter>
    <Filter Include="Compression\lz">
      <UniqueIdentifier>{a02241be-c039-44a6-8018-77de2d849f44}</UniqueIdentifier>
    </Filter>
    <Filter Include="Compression\lzo">
      <UniqueIdentifier>{cbaa0a5b-5546-4a64-be36-fbffac332141}</UniqueIdentifier>
    </Filter>
    <Filter Include="OS">
      <UniqueIdentifier>{270f3e88-87c7-4c16-ba40-4ccf5fd78080}</UniqueIdentifier>
    </Filter>
  </ItemGroup>
  <ItemGroup>
    <ClCompile Include="FTimer.cpp">
      <Filter>Kernel</Filter>
    </ClCompile>
    <ClCompile Include="stdafx.cpp">
      <Filter>Kernel</Filter>
    </ClCompile>
    <ClCompile Include="xrCore.cpp">
      <Filter>Kernel</Filter>
    </ClCompile>
    <ClCompile Include="_compressed_normal.cpp">
      <Filter>Math</Filter>
    </ClCompile>
    <ClCompile Include="_math.cpp">
      <Filter>Math</Filter>
    </ClCompile>
    <ClCompile Include="_sphere.cpp">
      <Filter>Math</Filter>
    </ClCompile>
    <ClCompile Include="dump_string.cpp">
      <Filter>Math</Filter>
    </ClCompile>
    <ClCompile Include="cpuid.cpp">
      <Filter>Math\CPU</Filter>
    </ClCompile>
    <ClCompile Include="_std_extensions.cpp">
      <Filter>Math\Extensions</Filter>
    </ClCompile>
    <ClCompile Include="clsid.cpp">
      <Filter>Math\Extensions</Filter>
    </ClCompile>
    <ClCompile Include="string_concatenations.cpp">
      <Filter>Math\Extensions</Filter>
    </ClCompile>
    <ClCompile Include="xr_trims.cpp">
      <Filter>Math\Extensions</Filter>
    </ClCompile>
    <ClCompile Include="FileSystem.cpp">
      <Filter>FS</Filter>
    </ClCompile>
    <ClCompile Include="FileSystem_borland.cpp">
      <Filter>FS</Filter>
    </ClCompile>
    <ClCompile Include="FS.cpp">
      <Filter>FS</Filter>
    </ClCompile>
    <ClCompile Include="LocatorAPI.cpp">
      <Filter>FS</Filter>
    </ClCompile>
    <ClCompile Include="LocatorAPI_auth.cpp">
      <Filter>FS</Filter>
    </ClCompile>
    <ClCompile Include="LocatorAPI_defs.cpp">
      <Filter>FS</Filter>
    </ClCompile>
    <ClCompile Include="LocatorAPI_Notifications.cpp">
      <Filter>FS</Filter>
    </ClCompile>
    <ClCompile Include="log.cpp">
      <Filter>FS</Filter>
    </ClCompile>
    <ClCompile Include="NET_utils.cpp">
      <Filter>FS</Filter>
    </ClCompile>
    <ClCompile Include="Xr_ini.cpp">
      <Filter>FS</Filter>
    </ClCompile>
    <ClCompile Include="stream_reader.cpp">
      <Filter>FS\stream_reader</Filter>
    </ClCompile>
    <ClCompile Include="file_stream_reader.cpp">
      <Filter>FS\file_stream_reader</Filter>
    </ClCompile>
    <ClCompile Include="memory_allocation_stats.cpp">
      <Filter>Memory manager</Filter>
    </ClCompile>
    <ClCompile Include="memory_usage.cpp">
      <Filter>Memory manager</Filter>
    </ClCompile>
    <ClCompile Include="xrMemory.cpp">
      <Filter>Memory manager</Filter>
    </ClCompile>
    <ClCompile Include="xrMemory_align.cpp">
      <Filter>Memory manager</Filter>
    </ClCompile>
    <ClCompile Include="xrMemory_debug.cpp">
      <Filter>Memory manager</Filter>
    </ClCompile>
    <ClCompile Include="xrMemory_POOL.cpp">
      <Filter>Memory manager</Filter>
    </ClCompile>
    <ClCompile Include="xrMemory_pso_Copy.cpp">
      <Filter>Memory manager</Filter>
    </ClCompile>
    <ClCompile Include="xrMemory_pso_Fill.cpp">
      <Filter>Memory manager</Filter>
    </ClCompile>
    <ClCompile Include="xrMemory_pso_Fill32.cpp">
      <Filter>Memory manager</Filter>
    </ClCompile>
    <ClCompile Include="xrMemory_subst_borland.cpp">
      <Filter>Memory manager</Filter>
    </ClCompile>
    <ClCompile Include="xrMemory_subst_msvc.cpp">
      <Filter>Memory manager</Filter>
    </ClCompile>
    <ClCompile Include="ptmalloc3\malloc.c">
      <Filter>Memory manager\dlmalloc\allocator</Filter>
    </ClCompile>
    <ClCompile Include="ptmalloc3\sysdeps\win32\win32.c">
      <Filter>Memory manager\dlmalloc\allocator</Filter>
    </ClCompile>
    <ClCompile Include="doug_lea_allocator.cpp">
      <Filter>Memory manager\dlmalloc\wrapper</Filter>
    </ClCompile>
    <ClCompile Include="xrDebug.cpp">
      <Filter>Debug core</Filter>
    </ClCompile>
    <ClCompile Include="xrDebugNew.cpp">
      <Filter>Debug core</Filter>
    </ClCompile>
    <ClCompile Include="blackbox\BlackBoxUI.cpp">
      <Filter>Debug core\BlackBox</Filter>
    </ClCompile>
    <ClCompile Include="blackbox\BSUFunctions.cpp">
      <Filter>Debug core\BlackBox</Filter>
    </ClCompile>
    <ClCompile Include="blackbox\CrashHandler.cpp">
      <Filter>Debug core\BlackBox</Filter>
    </ClCompile>
    <ClCompile Include="blackbox\DiagAssert.cpp">
      <Filter>Debug core\BlackBox</Filter>
    </ClCompile>
    <ClCompile Include="blackbox\GetLoadedModules.cpp">
      <Filter>Debug core\BlackBox</Filter>
    </ClCompile>
    <ClCompile Include="blackbox\IsNT.cpp">
      <Filter>Debug core\BlackBox</Filter>
    </ClCompile>
    <ClCompile Include="blackbox\NT4ProcessInfo.cpp">
      <Filter>Debug core\BlackBox</Filter>
    </ClCompile>
    <ClCompile Include="blackbox\stdafx_.cpp">
      <Filter>Debug core\BlackBox</Filter>
    </ClCompile>
    <ClCompile Include="blackbox\TLHELPProcessInfo.cpp">
      <Filter>Debug core\BlackBox</Filter>
    </ClCompile>
    <ClCompile Include="crc32.cpp">
      <Filter>shared memory/string library</Filter>
    </ClCompile>
    <ClCompile Include="xr_shared.cpp">
      <Filter>shared memory/string library</Filter>
    </ClCompile>
    <ClCompile Include="xrsharedmem.cpp">
      <Filter>shared memory/string library</Filter>
    </ClCompile>
    <ClCompile Include="xrstring.cpp">
      <Filter>shared memory/string library</Filter>
    </ClCompile>
    <ClCompile Include="memory_monitor.cpp">
      <Filter>memory_monitor</Filter>
    </ClCompile>
    <ClCompile Include="ppmd_compressor.cpp">
      <Filter>Compression\ppmd</Filter>
    </ClCompile>
    <ClCompile Include="Model.cpp">
      <Filter>Compression\ppmd\core</Filter>
    </ClCompile>
    <ClCompile Include="rt_compressor.cpp">
      <Filter>Compression\rt</Filter>
    </ClCompile>
    <ClCompile Include="rt_compressor9.cpp">
      <Filter>Compression\rt</Filter>
    </ClCompile>
    <ClCompile Include="LzHuf.cpp">
      <Filter>Compression\lz</Filter>
    </ClCompile>
    <ClCompile Include="lzo_compressor.cpp">
      <Filter>Compression\lzo</Filter>
    </ClCompile>
    <ClCompile Include="rt_lzo1x_1.cpp">
      <Filter>Compression\lzo</Filter>
    </ClCompile>
    <ClCompile Include="rt_lzo1x_9x.cpp">
      <Filter>Compression\lzo</Filter>
    </ClCompile>
    <ClCompile Include="rt_lzo1x_d1.cpp">
      <Filter>Compression\lzo</Filter>
    </ClCompile>
    <ClCompile Include="rt_lzo1x_d2.cpp">
      <Filter>Compression\lzo</Filter>
    </ClCompile>
    <ClCompile Include="rt_lzo1x_d3.cpp">
      <Filter>Compression\lzo</Filter>
    </ClCompile>
    <ClCompile Include="rt_lzo_init.cpp">
      <Filter>Compression\lzo</Filter>
    </ClCompile>
    <ClCompile Include="os_clipboard.cpp">
      <Filter>OS</Filter>
    </ClCompile>
    <ClCompile Include="xrSyncronize.cpp" />
  </ItemGroup>
  <ItemGroup>
    <ClInclude Include="FTimer.h">
      <Filter>Kernel</Filter>
    </ClInclude>
    <ClInclude Include="resource.h">
      <Filter>Kernel</Filter>
    </ClInclude>
    <ClInclude Include="stdafx.h">
      <Filter>Kernel</Filter>
    </ClInclude>
    <ClInclude Include="xrCore.h">
      <Filter>Kernel</Filter>
    </ClInclude>
    <ClInclude Include="xrCore_platform.h">
      <Filter>Kernel</Filter>
    </ClInclude>
    <ClInclude Include="_bitwise.h">
      <Filter>Math</Filter>
    </ClInclude>
    <ClInclude Include="_color.h">
      <Filter>Math</Filter>
    </ClInclude>
    <ClInclude Include="_compressed_normal.h">
      <Filter>Math</Filter>
    </ClInclude>
    <ClInclude Include="_cylinder.h">
      <Filter>Math</Filter>
    </ClInclude>
    <ClInclude Include="_fbox.h">
      <Filter>Math</Filter>
    </ClInclude>
    <ClInclude Include="_fbox2.h">
      <Filter>Math</Filter>
    </ClInclude>
    <ClInclude Include="_flags.h">
      <Filter>Math</Filter>
    </ClInclude>
    <ClInclude Include="_math.h">
      <Filter>Math</Filter>
    </ClInclude>
    <ClInclude Include="_matrix.h">
      <Filter>Math</Filter>
    </ClInclude>
    <ClInclude Include="_matrix33.h">
      <Filter>Math</Filter>
    </ClInclude>
    <ClInclude Include="_obb.h">
      <Filter>Math</Filter>
    </ClInclude>
    <ClInclude Include="_plane.h">
      <Filter>Math</Filter>
    </ClInclude>
    <ClInclude Include="_plane2.h">
      <Filter>Math</Filter>
    </ClInclude>
    <ClInclude Include="_quaternion.h">
      <Filter>Math</Filter>
    </ClInclude>
    <ClInclude Include="_random.h">
      <Filter>Math</Filter>
    </ClInclude>
    <ClInclude Include="_rect.h">
      <Filter>Math</Filter>
    </ClInclude>
    <ClInclude Include="_sphere.h">
      <Filter>Math</Filter>
    </ClInclude>
    <ClInclude Include="_types.h">
      <Filter>Math</Filter>
    </ClInclude>
    <ClInclude Include="_vector2.h">
      <Filter>Math</Filter>
    </ClInclude>
    <ClInclude Include="_vector3d.h">
      <Filter>Math</Filter>
    </ClInclude>
    <ClInclude Include="_vector3d_ext.h">
      <Filter>Math</Filter>
    </ClInclude>
    <ClInclude Include="_vector4.h">
      <Filter>Math</Filter>
    </ClInclude>
    <ClInclude Include="dump_string.h">
      <Filter>Math</Filter>
    </ClInclude>
    <ClInclude Include="vector.h">
      <Filter>Math</Filter>
    </ClInclude>
    <ClInclude Include="cpuid.h">
      <Filter>Math\CPU</Filter>
    </ClInclude>
    <ClInclude Include="FixedMap.h">
      <Filter>Math\STLext</Filter>
    </ClInclude>
    <ClInclude Include="FixedSet.h">
      <Filter>Math\STLext</Filter>
    </ClInclude>
    <ClInclude Include="FixedVector.h">
      <Filter>Math\STLext</Filter>
    </ClInclude>
    <ClInclude Include="xrPool.h">
      <Filter>Math\STLext</Filter>
    </ClInclude>
    <ClInclude Include="_std_extensions.h">
      <Filter>Math\Extensions</Filter>
    </ClInclude>
    <ClInclude Include="_stl_extensions.h">
      <Filter>Math\Extensions</Filter>
    </ClInclude>
    <ClInclude Include="_type_traits.h">
      <Filter>Math\Extensions</Filter>
    </ClInclude>
    <ClInclude Include="clsid.h">
      <Filter>Math\Extensions</Filter>
    </ClInclude>
    <ClInclude Include="fastdelegate.h">
      <Filter>Math\Extensions</Filter>
    </ClInclude>
    <ClInclude Include="string_concatenations.h">
      <Filter>Math\Extensions</Filter>
    </ClInclude>
    <ClInclude Include="string_concatenations_inline.h">
      <Filter>Math\Extensions</Filter>
    </ClInclude>
    <ClInclude Include="xr_trims.h">
      <Filter>Math\Extensions</Filter>
    </ClInclude>
    <ClInclude Include="buffer_vector.h">
      <Filter>Math\Extensions\buffer_vector</Filter>
    </ClInclude>
    <ClInclude Include="buffer_vector_inline.h">
      <Filter>Math\Extensions\buffer_vector</Filter>
    </ClInclude>
    <ClInclude Include="FS.h">
      <Filter>FS</Filter>
    </ClInclude>
    <ClInclude Include="FS_impl.h">
      <Filter>FS</Filter>
    </ClInclude>
    <ClInclude Include="FS_internal.h">
      <Filter>FS</Filter>
    </ClInclude>
    <ClInclude Include="LocatorAPI.h">
      <Filter>FS</Filter>
    </ClInclude>
    <ClInclude Include="LocatorAPI_defs.h">
      <Filter>FS</Filter>
    </ClInclude>
    <ClInclude Include="log.h">
      <Filter>FS</Filter>
    </ClInclude>
    <ClInclude Include="net_utils.h">
      <Filter>FS</Filter>
    </ClInclude>
    <ClInclude Include="xr_ini.h">
      <Filter>FS</Filter>
    </ClInclude>
    <ClInclude Include="stream_reader.h">
      <Filter>FS\stream_reader</Filter>
    </ClInclude>
    <ClInclude Include="stream_reader_inline.h">
      <Filter>FS\stream_reader</Filter>
    </ClInclude>
    <ClInclude Include="file_stream_reader.h">
      <Filter>FS\file_stream_reader</Filter>
    </ClInclude>
    <ClInclude Include="xrMemory.h">
      <Filter>Memory manager</Filter>
    </ClInclude>
    <ClInclude Include="xrMemory_align.h">
      <Filter>Memory manager</Filter>
    </ClInclude>
    <ClInclude Include="xrMEMORY_POOL.h">
      <Filter>Memory manager</Filter>
    </ClInclude>
    <ClInclude Include="xrMemory_pso.h">
      <Filter>Memory manager</Filter>
    </ClInclude>
    <ClInclude Include="xrMemory_pure.h">
      <Filter>Memory manager</Filter>
    </ClInclude>
    <ClInclude Include="xrMemory_subst_borland.h">
      <Filter>Memory manager</Filter>
    </ClInclude>
    <ClInclude Include="xrMemory_subst_msvc.h">
      <Filter>Memory manager</Filter>
    </ClInclude>
    <ClInclude Include="ptmalloc3\malloc-2.8.3.h">
      <Filter>Memory manager\dlmalloc\allocator</Filter>
    </ClInclude>
    <ClInclude Include="doug_lea_allocator.h">
      <Filter>Memory manager\dlmalloc\wrapper</Filter>
    </ClInclude>
    <ClInclude Include="memory_allocator_options.h">
      <Filter>Memory manager\dlmalloc\wrapper</Filter>
    </ClInclude>
    <ClInclude Include="xrDebug.h">
      <Filter>Debug core</Filter>
    </ClInclude>
    <ClInclude Include="xrDebug_macros.h">
      <Filter>Debug core</Filter>
    </ClInclude>
    <ClInclude Include="blackbox\BugslayerUtil.h">
      <Filter>Debug core\BlackBox</Filter>
    </ClInclude>
    <ClInclude Include="blackbox\CrashHandler.h">
      <Filter>Debug core\BlackBox</Filter>
    </ClInclude>
    <ClInclude Include="blackbox\DiagAssert.h">
      <Filter>Debug core\BlackBox</Filter>
    </ClInclude>
    <ClInclude Include="blackbox\Internal.h">
      <Filter>Debug core\BlackBox</Filter>
    </ClInclude>
    <ClInclude Include="blackbox\stdafx_.h">
      <Filter>Debug core\BlackBox</Filter>
    </ClInclude>
    <ClInclude Include="blackbox\SymbolEngine.h">
      <Filter>Debug core\BlackBox</Filter>
    </ClInclude>
    <ClInclude Include="blackbox\WarningsOff.h">
      <Filter>Debug core\BlackBox</Filter>
    </ClInclude>
    <ClInclude Include="blackbox\WarningsOn.h">
      <Filter>Debug core\BlackBox</Filter>
    </ClInclude>
    <ClInclude Include="xr_resource.h">
      <Filter>shared memory/string library</Filter>
    </ClInclude>
    <ClInclude Include="xr_shared.h">
      <Filter>shared memory/string library</Filter>
    </ClInclude>
    <ClInclude Include="xrsharedmem.h">
      <Filter>shared memory/string library</Filter>
    </ClInclude>
    <ClInclude Include="xrstring.h">
      <Filter>shared memory/string library</Filter>
    </ClInclude>
    <ClInclude Include="intrusive_ptr.h">
      <Filter>intrusive_ptr</Filter>
    </ClInclude>
    <ClInclude Include="intrusive_ptr_inline.h">
      <Filter>intrusive_ptr</Filter>
    </ClInclude>
    <ClInclude Include="memory_monitor.h">
      <Filter>memory_monitor</Filter>
    </ClInclude>
    <ClInclude Include="ppmd_compressor.h">
      <Filter>Compression\ppmd</Filter>
    </ClInclude>
    <ClInclude Include="PPMd.h">
      <Filter>Compression\ppmd\common</Filter>
    </ClInclude>
    <ClInclude Include="PPMdType.h">
      <Filter>Compression\ppmd\common</Filter>
    </ClInclude>
    <ClInclude Include="Coder.hpp">
      <Filter>Compression\ppmd\core</Filter>
    </ClInclude>
    <ClInclude Include="SubAlloc.hpp">
      <Filter>Compression\ppmd\core\allocator</Filter>
    </ClInclude>
    <ClInclude Include="compression_ppmd_stream.h">
      <Filter>Compression\ppmd\stream</Filter>
    </ClInclude>
    <ClInclude Include="compression_ppmd_stream_inline.h">
      <Filter>Compression\ppmd\stream</Filter>
    </ClInclude>
    <ClInclude Include="rt_compressor.h">
      <Filter>Compression\rt</Filter>
    </ClInclude>
    <ClInclude Include="lzhuf.h">
      <Filter>Compression\lz</Filter>
    </ClInclude>
    <ClInclude Include="lzo_compressor.h">
      <Filter>Compression\lzo</Filter>
    </ClInclude>
    <ClInclude Include="rt_config1x.h">
      <Filter>Compression\lzo</Filter>
    </ClInclude>
    <ClInclude Include="rt_lzo1x.h">
      <Filter>Compression\lzo</Filter>
    </ClInclude>
    <ClInclude Include="rt_lzo_conf.h">
      <Filter>Compression\lzo</Filter>
    </ClInclude>
    <ClInclude Include="rt_lzo_config.h">
      <Filter>Compression\lzo</Filter>
    </ClInclude>
    <ClInclude Include="rt_lzo_dict.h">
      <Filter>Compression\lzo</Filter>
    </ClInclude>
    <ClInclude Include="rt_lzo_ptr.h">
      <Filter>Compression\lzo</Filter>
    </ClInclude>
    <ClInclude Include="rt_lzoconf.h">
      <Filter>Compression\lzo</Filter>
    </ClInclude>
    <ClInclude Include="rt_lzodefs.h">
      <Filter>Compression\lzo</Filter>
    </ClInclude>
    <ClInclude Include="rt_miniacc.h">
      <Filter>Compression\lzo</Filter>
    </ClInclude>
    <ClInclude Include="os_clipboard.h">
      <Filter>OS</Filter>
    </ClInclude>
    <ClInclude Include="xrSyncronize.h" />
  </ItemGroup>
  <ItemGroup>
    <ResourceCompile Include="xrCore.rc">
      <Filter>Kernel</Filter>
    </ResourceCompile>
  </ItemGroup>
  <ItemGroup>
    <CustomBuild Include="FileSystem.h">
      <Filter>FS</Filter>
    </CustomBuild>
    <CustomBuild Include="LocatorAPI_Notifications.h">
      <Filter>FS</Filter>
    </CustomBuild>
  </ItemGroup>
</Project>