<?xml version="1.0" encoding="utf-8"?>
<Project ToolsVersion="4.0" xmlns="http://schemas.microsoft.com/developer/msbuild/2003">
  <ItemGroup>
    <Filter Include="Kernel">
      <UniqueIdentifier>{43306b2a-8e71-4c67-bf31-c9f11702adf3}</UniqueIdentifier>
    </Filter>
    <Filter Include="Shared Files">
      <UniqueIdentifier>{d47f83d4-c8e4-427f-8ede-349d8111b0a8}</UniqueIdentifier>
    </Filter>
    <Filter Include="Shared Files\Engine">
      <UniqueIdentifier>{bafb4e37-4e84-45e4-8c32-25d27da56ce3}</UniqueIdentifier>
    </Filter>
    <Filter Include="Shared Files\Editor">
      <UniqueIdentifier>{5cf118ef-a0e0-4450-a134-467a33d664e0}</UniqueIdentifier>
    </Filter>
    <Filter Include="Shared Files\Plugins">
      <UniqueIdentifier>{5938a350-c58d-4196-8bff-2342501da45a}</UniqueIdentifier>
    </Filter>
    <Filter Include="Shader">
      <UniqueIdentifier>{bb9b7f27-1777-49f1-8f39-cb4b4297ef08}</UniqueIdentifier>
    </Filter>
  </ItemGroup>
  <ItemGroup>
    <ClCompile Include="Material\stdafx.cpp">
      <Filter>Kernel</Filter>
    </ClCompile>
    <ClCompile Include="..\Shared\GameMtlLib.cpp">
      <Filter>Shared Files\Engine</Filter>
    </ClCompile>
    <ClCompile Include="..\Shared\ELog.cpp">
      <Filter>Shared Files\Editor</Filter>
    </ClCompile>
    <ClCompile Include="..\Shared\BlenderListLoader.cpp">
      <Filter>Shared Files\Plugins</Filter>
    </ClCompile>
    <ClCompile Include="Material\crc16.cpp">
      <Filter>Shader</Filter>
    </ClCompile>
    <ClCompile Include="Material\lambertShader.cpp">
      <Filter>Shader</Filter>
    </ClCompile>
  </ItemGroup>
  <ItemGroup>
    <ClInclude Include="..\Shared\GameMtlLib.h">
      <Filter>Shared Files\Engine</Filter>
    </ClInclude>
    <ClInclude Include="..\Shared\ELog.h">
      <Filter>Shared Files\Editor</Filter>
    </ClInclude>
    <ClInclude Include="..\Shared\BlenderListLoader.h">
      <Filter>Shared Files\Plugins</Filter>
    </ClInclude>
  </ItemGroup>
  <ItemGroup>
    <None Include="Material\AElambertShaderTemplate.mel">
      <Filter>Shader</Filter>
    </None>
    <None Include="Material\AEXRayMtlTemplate.mel">
      <Filter>Shader</Filter>
    </None>
  </ItemGroup>
  <ItemGroup>
    <CustomBuild Include="Material\Stdafx.h">
      <Filter>Kernel</Filter>
    </CustomBuild>
  </ItemGroup>
</Project>